
Microsoft Visual Studio Solution File, Format Version 12.00
# Visual Studio Version 16
VisualStudioVersion = 16.0.30413.136
MinimumVisualStudioVersion = 10.0.40219.1
Project("{FAE04EC0-301F-11D3-BF4B-00C04F79EFBC}") = "Step240IQuittable", "Step240IQuittable\Step240IQuittable.csproj", "{DDA6D523-1088-4D15-9BDD-A313B91E5663}"
EndProject
Global
	GlobalSection(SolutionConfigurationPlatforms) = preSolution
		Debug|Any CPU = Debug|Any CPU
		Release|Any CPU = Release|Any CPU
	EndGlobalSection
	GlobalSection(ProjectConfigurationPlatforms) = postSolution
		{DDA6D523-1088-4D15-9BDD-A313B91E5663}.Debug|Any CPU.ActiveCfg = Debug|Any CPU
		{DDA6D523-1088-4D15-9BDD-A313B91E5663}.Debug|Any CPU.Build.0 = Debug|Any CPU
		{DDA6D523-1088-4D15-9BDD-A313B91E5663}.Release|Any CPU.ActiveCfg = Release|Any CPU
		{DDA6D523-1088-4D15-9BDD-A313B91E5663}.Release|Any CPU.Build.0 = Release|Any CPU
	EndGlobalSection
	GlobalSection(SolutionProperties) = preSolution
		HideSolutionNode = FALSE
	EndGlobalSection
	GlobalSection(ExtensibilityGlobals) = postSolution
		SolutionGuid = {F3D82786-BEC8-406F-B9A9-323C884F3CDD}
	EndGlobalSection
EndGlobal
