
Microsoft Visual Studio Solution File, Format Version 12.00
# Visual Studio Version 16
VisualStudioVersion = 16.0.30413.136
MinimumVisualStudioVersion = 10.0.40219.1
Project("{FAE04EC0-301F-11D3-BF4B-00C04F79EFBC}") = "Step220ClassAndMethodsAssignment", "Step220ClassAndMethodsAssignment\Step220ClassAndMethodsAssignment.csproj", "{38F4BF0D-8534-495C-92A6-B8AF1AE94138}"
EndProject
Global
	GlobalSection(SolutionConfigurationPlatforms) = preSolution
		Debug|Any CPU = Debug|Any CPU
		Release|Any CPU = Release|Any CPU
	EndGlobalSection
	GlobalSection(ProjectConfigurationPlatforms) = postSolution
		{38F4BF0D-8534-495C-92A6-B8AF1AE94138}.Debug|Any CPU.ActiveCfg = Debug|Any CPU
		{38F4BF0D-8534-495C-92A6-B8AF1AE94138}.Debug|Any CPU.Build.0 = Debug|Any CPU
		{38F4BF0D-8534-495C-92A6-B8AF1AE94138}.Release|Any CPU.ActiveCfg = Release|Any CPU
		{38F4BF0D-8534-495C-92A6-B8AF1AE94138}.Release|Any CPU.Build.0 = Release|Any CPU
	EndGlobalSection
	GlobalSection(SolutionProperties) = preSolution
		HideSolutionNode = FALSE
	EndGlobalSection
	GlobalSection(ExtensibilityGlobals) = postSolution
		SolutionGuid = {E08F4B16-F938-4FD1-B7E6-91D34EEDC906}
	EndGlobalSection
EndGlobal
