
Microsoft Visual Studio Solution File, Format Version 12.00
# Visual Studio Version 16
VisualStudioVersion = 16.0.30413.136
MinimumVisualStudioVersion = 10.0.40219.1
Project("{FAE04EC0-301F-11D3-BF4B-00C04F79EFBC}") = "Branching Assignment", "Branching Assignment\Branching Assignment.csproj", "{7DD0CC01-B615-47F1-80C4-2E5E905DA4A1}"
EndProject
Global
	GlobalSection(SolutionConfigurationPlatforms) = preSolution
		Debug|Any CPU = Debug|Any CPU
		Release|Any CPU = Release|Any CPU
	EndGlobalSection
	GlobalSection(ProjectConfigurationPlatforms) = postSolution
		{7DD0CC01-B615-47F1-80C4-2E5E905DA4A1}.Debug|Any CPU.ActiveCfg = Debug|Any CPU
		{7DD0CC01-B615-47F1-80C4-2E5E905DA4A1}.Debug|Any CPU.Build.0 = Debug|Any CPU
		{7DD0CC01-B615-47F1-80C4-2E5E905DA4A1}.Release|Any CPU.ActiveCfg = Release|Any CPU
		{7DD0CC01-B615-47F1-80C4-2E5E905DA4A1}.Release|Any CPU.Build.0 = Release|Any CPU
	EndGlobalSection
	GlobalSection(SolutionProperties) = preSolution
		HideSolutionNode = FALSE
	EndGlobalSection
	GlobalSection(ExtensibilityGlobals) = postSolution
		SolutionGuid = {E0B62275-5864-4B3E-8D49-341A3698F25F}
	EndGlobalSection
EndGlobal
