
Microsoft Visual Studio Solution File, Format Version 12.00
# Visual Studio Version 16
VisualStudioVersion = 16.0.30413.136
MinimumVisualStudioVersion = 10.0.40219.1
Project("{FAE04EC0-301F-11D3-BF4B-00C04F79EFBC}") = "ArrayAndListAssignment", "ArrayAndListAssignment\ArrayAndListAssignment.csproj", "{44F1F5E1-B1FA-4282-AC47-64215A1E632C}"
EndProject
Global
	GlobalSection(SolutionConfigurationPlatforms) = preSolution
		Debug|Any CPU = Debug|Any CPU
		Release|Any CPU = Release|Any CPU
	EndGlobalSection
	GlobalSection(ProjectConfigurationPlatforms) = postSolution
		{44F1F5E1-B1FA-4282-AC47-64215A1E632C}.Debug|Any CPU.ActiveCfg = Debug|Any CPU
		{44F1F5E1-B1FA-4282-AC47-64215A1E632C}.Debug|Any CPU.Build.0 = Debug|Any CPU
		{44F1F5E1-B1FA-4282-AC47-64215A1E632C}.Release|Any CPU.ActiveCfg = Release|Any CPU
		{44F1F5E1-B1FA-4282-AC47-64215A1E632C}.Release|Any CPU.Build.0 = Release|Any CPU
	EndGlobalSection
	GlobalSection(SolutionProperties) = preSolution
		HideSolutionNode = FALSE
	EndGlobalSection
	GlobalSection(ExtensibilityGlobals) = postSolution
		SolutionGuid = {A8D62EAD-BA1E-4909-98A6-4411FD8D867F}
	EndGlobalSection
EndGlobal
